// !$*UTF8*$!
{
	archiveVersion = 1;
	classes = {
	};
	objectVersion = 50;
	objects = {

/* Begin PBXBuildFile section */
		D80A7B602510426C004C9FBE /* LanguageCurrencyTestCase.swift in Sources */ = {isa = PBXBuildFile; fileRef = D80A7B5F2510426C004C9FBE /* LanguageCurrencyTestCase.swift */; };
		D839F79124C6D118005CCD09 /* WeatherNetworkManager.swift in Sources */ = {isa = PBXBuildFile; fileRef = D839F79024C6D118005CCD09 /* WeatherNetworkManager.swift */; };
		D83C126A24CFAECD002071E9 /* UITextToolbar.swift in Sources */ = {isa = PBXBuildFile; fileRef = D83C126924CFAECD002071E9 /* UITextToolbar.swift */; };
		D84E2D0524A12451008C0025 /* Language.swift in Sources */ = {isa = PBXBuildFile; fileRef = D84E2D0424A12451008C0025 /* Language.swift */; };
		D84E2D0724A12DF7008C0025 /* LanguageListViewController.swift in Sources */ = {isa = PBXBuildFile; fileRef = D84E2D0624A12DF7008C0025 /* LanguageListViewController.swift */; };
		D84E2D0924A26978008C0025 /* Currency.swift in Sources */ = {isa = PBXBuildFile; fileRef = D84E2D0824A26978008C0025 /* Currency.swift */; };
		D84E2D0B24A2CBEC008C0025 /* ConverterCurrency.swift in Sources */ = {isa = PBXBuildFile; fileRef = D84E2D0A24A2CBEC008C0025 /* ConverterCurrency.swift */; };
		D84E2D0E24AAF396008C0025 /* TranslatorNetworkManager.swift in Sources */ = {isa = PBXBuildFile; fileRef = D84E2D0D24AAF396008C0025 /* TranslatorNetworkManager.swift */; };
		D84E2D1024AAF4A8008C0025 /* NetworkManagerError.swift in Sources */ = {isa = PBXBuildFile; fileRef = D84E2D0F24AAF4A8008C0025 /* NetworkManagerError.swift */; };
		D856D2CF248FE66C00824022 /* TranslateResponseResult.swift in Sources */ = {isa = PBXBuildFile; fileRef = D856D2CE248FE66C00824022 /* TranslateResponseResult.swift */; };
		D856D2D1248FEF5500824022 /* WeatherResponseResult.swift in Sources */ = {isa = PBXBuildFile; fileRef = D856D2D0248FEF5500824022 /* WeatherResponseResult.swift */; };
		D856D2D5248FEFC200824022 /* WeatherViewController.swift in Sources */ = {isa = PBXBuildFile; fileRef = D856D2D4248FEFC200824022 /* WeatherViewController.swift */; };
		D85B6E49246C22B4009E0D55 /* AppDelegate.swift in Sources */ = {isa = PBXBuildFile; fileRef = D85B6E48246C22B4009E0D55 /* AppDelegate.swift */; };
		D85B6E50246C22B4009E0D55 /* Main.storyboard in Resources */ = {isa = PBXBuildFile; fileRef = D85B6E4E246C22B4009E0D55 /* Main.storyboard */; };
		D85B6E52246C22B6009E0D55 /* Assets.xcassets in Resources */ = {isa = PBXBuildFile; fileRef = D85B6E51246C22B6009E0D55 /* Assets.xcassets */; };
		D85B6E55246C22B6009E0D55 /* LaunchScreen.storyboard in Resources */ = {isa = PBXBuildFile; fileRef = D85B6E53246C22B6009E0D55 /* LaunchScreen.storyboard */; };
		D85B6E5D246C25A5009E0D55 /* ConverterViewController.swift in Sources */ = {isa = PBXBuildFile; fileRef = D85B6E5C246C25A5009E0D55 /* ConverterViewController.swift */; };
		D884F8B9249912EB002FD3A9 /* TranslatorViewController.swift in Sources */ = {isa = PBXBuildFile; fileRef = D884F8B8249912EB002FD3A9 /* TranslatorViewController.swift */; };
		D8A8D80924B85503003467B0 /* CurrencyNetworkManager.swift in Sources */ = {isa = PBXBuildFile; fileRef = D8A8D80824B85503003467B0 /* CurrencyNetworkManager.swift */; };
		D8EC3F3824DB608300616BEF /* SceneDelegate.swift in Sources */ = {isa = PBXBuildFile; fileRef = D8EC3F3724DB608300616BEF /* SceneDelegate.swift */; };
		D8EC3F4824DB691A00616BEF /* TranslateResponseResult.json in Resources */ = {isa = PBXBuildFile; fileRef = D8EC3F4724DB691A00616BEF /* TranslateResponseResult.json */; };
		D8EC3F4A24DB696D00616BEF /* WeatherResponseResult.json in Resources */ = {isa = PBXBuildFile; fileRef = D8EC3F4924DB696D00616BEF /* WeatherResponseResult.json */; };
		D8EC3F4C24DB698200616BEF /* CurrencyResponseResult.json in Resources */ = {isa = PBXBuildFile; fileRef = D8EC3F4B24DB698200616BEF /* CurrencyResponseResult.json */; };
		D8EC3F4E24E276C200616BEF /* FakeResponseData.swift in Sources */ = {isa = PBXBuildFile; fileRef = D8EC3F4D24E276C200616BEF /* FakeResponseData.swift */; };
		D8EC3F5024E27A4100616BEF /* URLSessionFake.swift in Sources */ = {isa = PBXBuildFile; fileRef = D8EC3F4F24E27A4100616BEF /* URLSessionFake.swift */; };
		D8EF2B3724EAEBA400FEB65C /* BaseViewController.swift in Sources */ = {isa = PBXBuildFile; fileRef = D8EF2B3624EAEBA400FEB65C /* BaseViewController.swift */; };
		D8EF2B3924F62CC800FEB65C /* TranslateTestCase.swift in Sources */ = {isa = PBXBuildFile; fileRef = D8EF2B3824F62CC800FEB65C /* TranslateTestCase.swift */; };
		D8EF2B3B24F62E7400FEB65C /* WeatherTestCase.swift in Sources */ = {isa = PBXBuildFile; fileRef = D8EF2B3A24F62E7400FEB65C /* WeatherTestCase.swift */; };
		D8EF2B3D24F62F1F00FEB65C /* ConverterTestCase.swift in Sources */ = {isa = PBXBuildFile; fileRef = D8EF2B3C24F62F1F00FEB65C /* ConverterTestCase.swift */; };
		D8F7C55D2487FD38007E37C3 /* CurrencyResponseResult.swift in Sources */ = {isa = PBXBuildFile; fileRef = D8F7C55C2487FD38007E37C3 /* CurrencyResponseResult.swift */; };
		D8F7C55F2487FD5F007E37C3 /* NetworkManager.swift in Sources */ = {isa = PBXBuildFile; fileRef = D8F7C55E2487FD5F007E37C3 /* NetworkManager.swift */; };
/* End PBXBuildFile section */

/* Begin PBXContainerItemProxy section */
		D8EC3F4224DB689F00616BEF /* PBXContainerItemProxy */ = {
			isa = PBXContainerItemProxy;
			containerPortal = D85B6E3D246C22B4009E0D55 /* Project object */;
			proxyType = 1;
			remoteGlobalIDString = D85B6E44246C22B4009E0D55;
			remoteInfo = GoDreamVoyage;
		};
/* End PBXContainerItemProxy section */

/* Begin PBXFileReference section */
		D80A7B5F2510426C004C9FBE /* LanguageCurrencyTestCase.swift */ = {isa = PBXFileReference; lastKnownFileType = sourcecode.swift; path = LanguageCurrencyTestCase.swift; sourceTree = "<group>"; };
		D839F79024C6D118005CCD09 /* WeatherNetworkManager.swift */ = {isa = PBXFileReference; lastKnownFileType = sourcecode.swift; path = WeatherNetworkManager.swift; sourceTree = "<group>"; };
		D83C126924CFAECD002071E9 /* UITextToolbar.swift */ = {isa = PBXFileReference; lastKnownFileType = sourcecode.swift; path = UITextToolbar.swift; sourceTree = "<group>"; };
		D84E2D0424A12451008C0025 /* Language.swift */ = {isa = PBXFileReference; lastKnownFileType = sourcecode.swift; name = Language.swift; path = GoDreamVoyage/Model/DataModel/Language.swift; sourceTree = SOURCE_ROOT; };
		D84E2D0624A12DF7008C0025 /* LanguageListViewController.swift */ = {isa = PBXFileReference; lastKnownFileType = sourcecode.swift; path = LanguageListViewController.swift; sourceTree = "<group>"; };
		D84E2D0824A26978008C0025 /* Currency.swift */ = {isa = PBXFileReference; lastKnownFileType = sourcecode.swift; path = Currency.swift; sourceTree = "<group>"; };
		D84E2D0A24A2CBEC008C0025 /* ConverterCurrency.swift */ = {isa = PBXFileReference; lastKnownFileType = sourcecode.swift; path = ConverterCurrency.swift; sourceTree = "<group>"; };
		D84E2D0D24AAF396008C0025 /* TranslatorNetworkManager.swift */ = {isa = PBXFileReference; lastKnownFileType = sourcecode.swift; path = TranslatorNetworkManager.swift; sourceTree = "<group>"; };
		D84E2D0F24AAF4A8008C0025 /* NetworkManagerError.swift */ = {isa = PBXFileReference; lastKnownFileType = sourcecode.swift; path = NetworkManagerError.swift; sourceTree = "<group>"; };
		D856D2CE248FE66C00824022 /* TranslateResponseResult.swift */ = {isa = PBXFileReference; lastKnownFileType = sourcecode.swift; path = TranslateResponseResult.swift; sourceTree = "<group>"; };
		D856D2D0248FEF5500824022 /* WeatherResponseResult.swift */ = {isa = PBXFileReference; lastKnownFileType = sourcecode.swift; path = WeatherResponseResult.swift; sourceTree = "<group>"; };
		D856D2D4248FEFC200824022 /* WeatherViewController.swift */ = {isa = PBXFileReference; lastKnownFileType = sourcecode.swift; path = WeatherViewController.swift; sourceTree = "<group>"; };
		D85B6E45246C22B4009E0D55 /* GoDreamVoyage.app */ = {isa = PBXFileReference; explicitFileType = wrapper.application; includeInIndex = 0; path = GoDreamVoyage.app; sourceTree = BUILT_PRODUCTS_DIR; };
		D85B6E48246C22B4009E0D55 /* AppDelegate.swift */ = {isa = PBXFileReference; lastKnownFileType = sourcecode.swift; path = AppDelegate.swift; sourceTree = "<group>"; };
		D85B6E4F246C22B4009E0D55 /* Base */ = {isa = PBXFileReference; lastKnownFileType = file.storyboard; name = Base; path = Base.lproj/Main.storyboard; sourceTree = "<group>"; };
		D85B6E51246C22B6009E0D55 /* Assets.xcassets */ = {isa = PBXFileReference; lastKnownFileType = folder.assetcatalog; path = Assets.xcassets; sourceTree = "<group>"; };
		D85B6E54246C22B6009E0D55 /* Base */ = {isa = PBXFileReference; lastKnownFileType = file.storyboard; name = Base; path = Base.lproj/LaunchScreen.storyboard; sourceTree = "<group>"; };
		D85B6E56246C22B6009E0D55 /* Info.plist */ = {isa = PBXFileReference; lastKnownFileType = text.plist.xml; path = Info.plist; sourceTree = "<group>"; };
		D85B6E5C246C25A5009E0D55 /* ConverterViewController.swift */ = {isa = PBXFileReference; lastKnownFileType = sourcecode.swift; path = ConverterViewController.swift; sourceTree = "<group>"; };
		D884F8B8249912EB002FD3A9 /* TranslatorViewController.swift */ = {isa = PBXFileReference; lastKnownFileType = sourcecode.swift; path = TranslatorViewController.swift; sourceTree = "<group>"; };
		D8A8D80824B85503003467B0 /* CurrencyNetworkManager.swift */ = {isa = PBXFileReference; lastKnownFileType = sourcecode.swift; path = CurrencyNetworkManager.swift; sourceTree = "<group>"; };
		D8EC3F3724DB608300616BEF /* SceneDelegate.swift */ = {isa = PBXFileReference; fileEncoding = 4; lastKnownFileType = sourcecode.swift; name = SceneDelegate.swift; path = "../../../../../Library/Mobile Documents/com~apple~CloudDocs/.Trash/SceneDelegate.swift"; sourceTree = "<group>"; };
		D8EC3F3D24DB689F00616BEF /* GoDreamVoyageTests.xctest */ = {isa = PBXFileReference; explicitFileType = wrapper.cfbundle; includeInIndex = 0; path = GoDreamVoyageTests.xctest; sourceTree = BUILT_PRODUCTS_DIR; };
		D8EC3F4124DB689F00616BEF /* Info.plist */ = {isa = PBXFileReference; lastKnownFileType = text.plist.xml; path = Info.plist; sourceTree = "<group>"; };
		D8EC3F4724DB691A00616BEF /* TranslateResponseResult.json */ = {isa = PBXFileReference; lastKnownFileType = text.json; path = TranslateResponseResult.json; sourceTree = "<group>"; };
		D8EC3F4924DB696D00616BEF /* WeatherResponseResult.json */ = {isa = PBXFileReference; lastKnownFileType = text.json; path = WeatherResponseResult.json; sourceTree = "<group>"; };
		D8EC3F4B24DB698200616BEF /* CurrencyResponseResult.json */ = {isa = PBXFileReference; lastKnownFileType = text.json; path = CurrencyResponseResult.json; sourceTree = "<group>"; };
		D8EC3F4D24E276C200616BEF /* FakeResponseData.swift */ = {isa = PBXFileReference; lastKnownFileType = sourcecode.swift; path = FakeResponseData.swift; sourceTree = "<group>"; };
		D8EC3F4F24E27A4100616BEF /* URLSessionFake.swift */ = {isa = PBXFileReference; lastKnownFileType = sourcecode.swift; path = URLSessionFake.swift; sourceTree = "<group>"; };
		D8EF2B3624EAEBA400FEB65C /* BaseViewController.swift */ = {isa = PBXFileReference; lastKnownFileType = sourcecode.swift; path = BaseViewController.swift; sourceTree = "<group>"; };
		D8EF2B3824F62CC800FEB65C /* TranslateTestCase.swift */ = {isa = PBXFileReference; lastKnownFileType = sourcecode.swift; path = TranslateTestCase.swift; sourceTree = "<group>"; };
		D8EF2B3A24F62E7400FEB65C /* WeatherTestCase.swift */ = {isa = PBXFileReference; lastKnownFileType = sourcecode.swift; path = WeatherTestCase.swift; sourceTree = "<group>"; };
		D8EF2B3C24F62F1F00FEB65C /* ConverterTestCase.swift */ = {isa = PBXFileReference; lastKnownFileType = sourcecode.swift; path = ConverterTestCase.swift; sourceTree = "<group>"; };
		D8F7C55C2487FD38007E37C3 /* CurrencyResponseResult.swift */ = {isa = PBXFileReference; lastKnownFileType = sourcecode.swift; path = CurrencyResponseResult.swift; sourceTree = "<group>"; };
		D8F7C55E2487FD5F007E37C3 /* NetworkManager.swift */ = {isa = PBXFileReference; lastKnownFileType = sourcecode.swift; path = NetworkManager.swift; sourceTree = "<group>"; };
/* End PBXFileReference section */

/* Begin PBXFrameworksBuildPhase section */
		D85B6E42246C22B4009E0D55 /* Frameworks */ = {
			isa = PBXFrameworksBuildPhase;
			buildActionMask = 2147483647;
			files = (
			);
			runOnlyForDeploymentPostprocessing = 0;
		};
		D8EC3F3A24DB689F00616BEF /* Frameworks */ = {
			isa = PBXFrameworksBuildPhase;
			buildActionMask = 2147483647;
			files = (
			);
			runOnlyForDeploymentPostprocessing = 0;
		};
/* End PBXFrameworksBuildPhase section */

/* Begin PBXGroup section */
		D84E2D0C24AADE77008C0025 /* Decodable */ = {
			isa = PBXGroup;
			children = (
				D856D2CE248FE66C00824022 /* TranslateResponseResult.swift */,
				D856D2D0248FEF5500824022 /* WeatherResponseResult.swift */,
				D8F7C55C2487FD38007E37C3 /* CurrencyResponseResult.swift */,
			);
			path = Decodable;
			sourceTree = "<group>";
		};
		D856D2D2248FEF7F00824022 /* DataModel */ = {
			isa = PBXGroup;
			children = (
				D84E2D0424A12451008C0025 /* Language.swift */,
				D84E2D0824A26978008C0025 /* Currency.swift */,
			);
			path = DataModel;
			sourceTree = "<group>";
		};
		D856D2D3248FEF8E00824022 /* Services */ = {
			isa = PBXGroup;
			children = (
				D84E2D0A24A2CBEC008C0025 /* ConverterCurrency.swift */,
				D84E2D0D24AAF396008C0025 /* TranslatorNetworkManager.swift */,
				D839F79024C6D118005CCD09 /* WeatherNetworkManager.swift */,
				D8F7C55E2487FD5F007E37C3 /* NetworkManager.swift */,
				D84E2D0F24AAF4A8008C0025 /* NetworkManagerError.swift */,
				D8A8D80824B85503003467B0 /* CurrencyNetworkManager.swift */,
			);
			path = Services;
			sourceTree = "<group>";
		};
		D85B6E3C246C22B4009E0D55 = {
			isa = PBXGroup;
			children = (
				D85B6E47246C22B4009E0D55 /* GoDreamVoyage */,
				D8EC3F3E24DB689F00616BEF /* GoDreamVoyageTests */,
				D85B6E46246C22B4009E0D55 /* Products */,
			);
			sourceTree = "<group>";
		};
		D85B6E46246C22B4009E0D55 /* Products */ = {
			isa = PBXGroup;
			children = (
				D85B6E45246C22B4009E0D55 /* GoDreamVoyage.app */,
				D8EC3F3D24DB689F00616BEF /* GoDreamVoyageTests.xctest */,
			);
			name = Products;
			sourceTree = "<group>";
		};
		D85B6E47246C22B4009E0D55 /* GoDreamVoyage */ = {
			isa = PBXGroup;
			children = (
				D85B6E61246C26EA009E0D55 /* Controller */,
				D85B6E60246C26DA009E0D55 /* Model */,
				D85B6E5F246C26B9009E0D55 /* View */,
				D85B6E48246C22B4009E0D55 /* AppDelegate.swift */,
				D8EC3F3724DB608300616BEF /* SceneDelegate.swift */,
				D85B6E51246C22B6009E0D55 /* Assets.xcassets */,
				D85B6E56246C22B6009E0D55 /* Info.plist */,
			);
			path = GoDreamVoyage;
			sourceTree = "<group>";
		};
		D85B6E5F246C26B9009E0D55 /* View */ = {
			isa = PBXGroup;
			children = (
				D85B6E53246C22B6009E0D55 /* LaunchScreen.storyboard */,
				D85B6E4E246C22B4009E0D55 /* Main.storyboard */,
			);
			path = View;
			sourceTree = "<group>";
		};
		D85B6E60246C26DA009E0D55 /* Model */ = {
			isa = PBXGroup;
			children = (
				D84E2D0C24AADE77008C0025 /* Decodable */,
				D856D2D2248FEF7F00824022 /* DataModel */,
				D856D2D3248FEF8E00824022 /* Services */,
			);
			path = Model;
			sourceTree = "<group>";
		};
		D85B6E61246C26EA009E0D55 /* Controller */ = {
			isa = PBXGroup;
			children = (
				D85B6E5C246C25A5009E0D55 /* ConverterViewController.swift */,
				D8EF2B3624EAEBA400FEB65C /* BaseViewController.swift */,
				D83C126924CFAECD002071E9 /* UITextToolbar.swift */,
				D84E2D0624A12DF7008C0025 /* LanguageListViewController.swift */,
				D884F8B8249912EB002FD3A9 /* TranslatorViewController.swift */,
				D856D2D4248FEFC200824022 /* WeatherViewController.swift */,
			);
			path = Controller;
			sourceTree = "<group>";
		};
		D8EC3F3E24DB689F00616BEF /* GoDreamVoyageTests */ = {
			isa = PBXGroup;
			children = (
				D8EC3F4B24DB698200616BEF /* CurrencyResponseResult.json */,
				D8EF2B3824F62CC800FEB65C /* TranslateTestCase.swift */,
				D8EF2B3A24F62E7400FEB65C /* WeatherTestCase.swift */,
				D8EF2B3C24F62F1F00FEB65C /* ConverterTestCase.swift */,
				D80A7B5F2510426C004C9FBE /* LanguageCurrencyTestCase.swift */,
				D8EC3F4D24E276C200616BEF /* FakeResponseData.swift */,
				D8EC3F4F24E27A4100616BEF /* URLSessionFake.swift */,
				D8EC3F4724DB691A00616BEF /* TranslateResponseResult.json */,
				D8EC3F4924DB696D00616BEF /* WeatherResponseResult.json */,
				D8EC3F4124DB689F00616BEF /* Info.plist */,
			);
			path = GoDreamVoyageTests;
			sourceTree = "<group>";
		};
/* End PBXGroup section */

/* Begin PBXNativeTarget section */
		D85B6E44246C22B4009E0D55 /* GoDreamVoyage */ = {
			isa = PBXNativeTarget;
			buildConfigurationList = D85B6E59246C22B6009E0D55 /* Build configuration list for PBXNativeTarget "GoDreamVoyage" */;
			buildPhases = (
				D85B6E41246C22B4009E0D55 /* Sources */,
				D85B6E42246C22B4009E0D55 /* Frameworks */,
				D85B6E43246C22B4009E0D55 /* Resources */,
			);
			buildRules = (
			);
			dependencies = (
			);
			name = GoDreamVoyage;
			productName = GoDreamVoyage;
			productReference = D85B6E45246C22B4009E0D55 /* GoDreamVoyage.app */;
			productType = "com.apple.product-type.application";
		};
		D8EC3F3C24DB689F00616BEF /* GoDreamVoyageTests */ = {
			isa = PBXNativeTarget;
			buildConfigurationList = D8EC3F4424DB689F00616BEF /* Build configuration list for PBXNativeTarget "GoDreamVoyageTests" */;
			buildPhases = (
				D8EC3F3924DB689F00616BEF /* Sources */,
				D8EC3F3A24DB689F00616BEF /* Frameworks */,
				D8EC3F3B24DB689F00616BEF /* Resources */,
			);
			buildRules = (
			);
			dependencies = (
				D8EC3F4324DB689F00616BEF /* PBXTargetDependency */,
			);
			name = GoDreamVoyageTests;
			productName = GoDreamVoyageTests;
			productReference = D8EC3F3D24DB689F00616BEF /* GoDreamVoyageTests.xctest */;
			productType = "com.apple.product-type.bundle.unit-test";
		};
/* End PBXNativeTarget section */

/* Begin PBXProject section */
		D85B6E3D246C22B4009E0D55 /* Project object */ = {
			isa = PBXProject;
			attributes = {
				LastSwiftUpdateCheck = 1160;
				LastUpgradeCheck = 1130;
				ORGANIZATIONNAME = Nathan;
				TargetAttributes = {
					D85B6E44246C22B4009E0D55 = {
						CreatedOnToolsVersion = 11.3.1;
					};
					D8EC3F3C24DB689F00616BEF = {
						CreatedOnToolsVersion = 11.6;
						TestTargetID = D85B6E44246C22B4009E0D55;
					};
				};
			};
			buildConfigurationList = D85B6E40246C22B4009E0D55 /* Build configuration list for PBXProject "GoDreamVoyage" */;
			compatibilityVersion = "Xcode 9.3";
			developmentRegion = en;
			hasScannedForEncodings = 0;
			knownRegions = (
				en,
				Base,
			);
			mainGroup = D85B6E3C246C22B4009E0D55;
			productRefGroup = D85B6E46246C22B4009E0D55 /* Products */;
			projectDirPath = "";
			projectRoot = "";
			targets = (
				D85B6E44246C22B4009E0D55 /* GoDreamVoyage */,
				D8EC3F3C24DB689F00616BEF /* GoDreamVoyageTests */,
			);
		};
/* End PBXProject section */

/* Begin PBXResourcesBuildPhase section */
		D85B6E43246C22B4009E0D55 /* Resources */ = {
			isa = PBXResourcesBuildPhase;
			buildActionMask = 2147483647;
			files = (
				D85B6E55246C22B6009E0D55 /* LaunchScreen.storyboard in Resources */,
				D85B6E52246C22B6009E0D55 /* Assets.xcassets in Resources */,
				D85B6E50246C22B4009E0D55 /* Main.storyboard in Resources */,
			);
			runOnlyForDeploymentPostprocessing = 0;
		};
		D8EC3F3B24DB689F00616BEF /* Resources */ = {
			isa = PBXResourcesBuildPhase;
			buildActionMask = 2147483647;
			files = (
				D8EC3F4A24DB696D00616BEF /* WeatherResponseResult.json in Resources */,
				D8EC3F4824DB691A00616BEF /* TranslateResponseResult.json in Resources */,
				D8EC3F4C24DB698200616BEF /* CurrencyResponseResult.json in Resources */,
			);
			runOnlyForDeploymentPostprocessing = 0;
		};
/* End PBXResourcesBuildPhase section */

/* Begin PBXSourcesBuildPhase section */
		D85B6E41246C22B4009E0D55 /* Sources */ = {
			isa = PBXSourcesBuildPhase;
			buildActionMask = 2147483647;
			files = (
				D84E2D0924A26978008C0025 /* Currency.swift in Sources */,
				D8A8D80924B85503003467B0 /* CurrencyNetworkManager.swift in Sources */,
				D84E2D1024AAF4A8008C0025 /* NetworkManagerError.swift in Sources */,
				D856D2D1248FEF5500824022 /* WeatherResponseResult.swift in Sources */,
				D84E2D0B24A2CBEC008C0025 /* ConverterCurrency.swift in Sources */,
				D8EF2B3724EAEBA400FEB65C /* BaseViewController.swift in Sources */,
				D8F7C55F2487FD5F007E37C3 /* NetworkManager.swift in Sources */,
				D856D2CF248FE66C00824022 /* TranslateResponseResult.swift in Sources */,
				D8F7C55D2487FD38007E37C3 /* CurrencyResponseResult.swift in Sources */,
				D84E2D0E24AAF396008C0025 /* TranslatorNetworkManager.swift in Sources */,
				D839F79124C6D118005CCD09 /* WeatherNetworkManager.swift in Sources */,
				D85B6E49246C22B4009E0D55 /* AppDelegate.swift in Sources */,
				D84E2D0524A12451008C0025 /* Language.swift in Sources */,
				D84E2D0724A12DF7008C0025 /* LanguageListViewController.swift in Sources */,
				D884F8B9249912EB002FD3A9 /* TranslatorViewController.swift in Sources */,
				D856D2D5248FEFC200824022 /* WeatherViewController.swift in Sources */,
				D8EC3F3824DB608300616BEF /* SceneDelegate.swift in Sources */,
				D83C126A24CFAECD002071E9 /* UITextToolbar.swift in Sources */,
				D85B6E5D246C25A5009E0D55 /* ConverterViewController.swift in Sources */,
			);
			runOnlyForDeploymentPostprocessing = 0;
		};
		D8EC3F3924DB689F00616BEF /* Sources */ = {
			isa = PBXSourcesBuildPhase;
			buildActionMask = 2147483647;
			files = (
				D8EF2B3924F62CC800FEB65C /* TranslateTestCase.swift in Sources */,
				D8EF2B3D24F62F1F00FEB65C /* ConverterTestCase.swift in Sources */,
				D80A7B602510426C004C9FBE /* LanguageCurrencyTestCase.swift in Sources */,
				D8EC3F4E24E276C200616BEF /* FakeResponseData.swift in Sources */,
				D8EC3F5024E27A4100616BEF /* URLSessionFake.swift in Sources */,
				D8EF2B3B24F62E7400FEB65C /* WeatherTestCase.swift in Sources */,
			);
			runOnlyForDeploymentPostprocessing = 0;
		};
/* End PBXSourcesBuildPhase section */

/* Begin PBXTargetDependency section */
		D8EC3F4324DB689F00616BEF /* PBXTargetDependency */ = {
			isa = PBXTargetDependency;
			target = D85B6E44246C22B4009E0D55 /* GoDreamVoyage */;
			targetProxy = D8EC3F4224DB689F00616BEF /* PBXContainerItemProxy */;
		};
/* End PBXTargetDependency section */

/* Begin PBXVariantGroup section */
		D85B6E4E246C22B4009E0D55 /* Main.storyboard */ = {
			isa = PBXVariantGroup;
			children = (
				D85B6E4F246C22B4009E0D55 /* Base */,
			);
			name = Main.storyboard;
			sourceTree = "<group>";
		};
		D85B6E53246C22B6009E0D55 /* LaunchScreen.storyboard */ = {
			isa = PBXVariantGroup;
			children = (
				D85B6E54246C22B6009E0D55 /* Base */,
			);
			name = LaunchScreen.storyboard;
			sourceTree = "<group>";
		};
/* End PBXVariantGroup section */

/* Begin XCBuildConfiguration section */
		D85B6E57246C22B6009E0D55 /* Debug */ = {
			isa = XCBuildConfiguration;
			buildSettings = {
				ALWAYS_SEARCH_USER_PATHS = NO;
				CLANG_ANALYZER_NONNULL = YES;
				CLANG_ANALYZER_NUMBER_OBJECT_CONVERSION = YES_AGGRESSIVE;
				CLANG_CXX_LANGUAGE_STANDARD = "gnu++14";
				CLANG_CXX_LIBRARY = "libc++";
				CLANG_ENABLE_MODULES = YES;
				CLANG_ENABLE_OBJC_ARC = YES;
				CLANG_ENABLE_OBJC_WEAK = YES;
				CLANG_WARN_BLOCK_CAPTURE_AUTORELEASING = YES;
				CLANG_WARN_BOOL_CONVERSION = YES;
				CLANG_WARN_COMMA = YES;
				CLANG_WARN_CONSTANT_CONVERSION = YES;
				CLANG_WARN_DEPRECATED_OBJC_IMPLEMENTATIONS = YES;
				CLANG_WARN_DIRECT_OBJC_ISA_USAGE = YES_ERROR;
				CLANG_WARN_DOCUMENTATION_COMMENTS = YES;
				CLANG_WARN_EMPTY_BODY = YES;
				CLANG_WARN_ENUM_CONVERSION = YES;
				CLANG_WARN_INFINITE_RECURSION = YES;
				CLANG_WARN_INT_CONVERSION = YES;
				CLANG_WARN_NON_LITERAL_NULL_CONVERSION = YES;
				CLANG_WARN_OBJC_IMPLICIT_RETAIN_SELF = YES;
				CLANG_WARN_OBJC_LITERAL_CONVERSION = YES;
				CLANG_WARN_OBJC_ROOT_CLASS = YES_ERROR;
				CLANG_WARN_RANGE_LOOP_ANALYSIS = YES;
				CLANG_WARN_STRICT_PROTOTYPES = YES;
				CLANG_WARN_SUSPICIOUS_MOVE = YES;
				CLANG_WARN_UNGUARDED_AVAILABILITY = YES_AGGRESSIVE;
				CLANG_WARN_UNREACHABLE_CODE = YES;
				CLANG_WARN__DUPLICATE_METHOD_MATCH = YES;
				COPY_PHASE_STRIP = NO;
				DEBUG_INFORMATION_FORMAT = dwarf;
				ENABLE_STRICT_OBJC_MSGSEND = YES;
				ENABLE_TESTABILITY = YES;
				GCC_C_LANGUAGE_STANDARD = gnu11;
				GCC_DYNAMIC_NO_PIC = NO;
				GCC_NO_COMMON_BLOCKS = YES;
				GCC_OPTIMIZATION_LEVEL = 0;
				GCC_PREPROCESSOR_DEFINITIONS = (
					"DEBUG=1",
					"$(inherited)",
				);
				GCC_WARN_64_TO_32_BIT_CONVERSION = YES;
				GCC_WARN_ABOUT_RETURN_TYPE = YES_ERROR;
				GCC_WARN_UNDECLARED_SELECTOR = YES;
				GCC_WARN_UNINITIALIZED_AUTOS = YES_AGGRESSIVE;
				GCC_WARN_UNUSED_FUNCTION = YES;
				GCC_WARN_UNUSED_VARIABLE = YES;
				IPHONEOS_DEPLOYMENT_TARGET = 11.0;
				MTL_ENABLE_DEBUG_INFO = INCLUDE_SOURCE;
				MTL_FAST_MATH = YES;
				ONLY_ACTIVE_ARCH = YES;
				SDKROOT = iphoneos;
				SWIFT_ACTIVE_COMPILATION_CONDITIONS = DEBUG;
				SWIFT_OPTIMIZATION_LEVEL = "-Onone";
				SWIFT_SUPPRESS_WARNINGS = YES;
				SWIFT_VERSION = "";
			};
			name = Debug;
		};
		D85B6E58246C22B6009E0D55 /* Release */ = {
			isa = XCBuildConfiguration;
			buildSettings = {
				ALWAYS_SEARCH_USER_PATHS = NO;
				CLANG_ANALYZER_NONNULL = YES;
				CLANG_ANALYZER_NUMBER_OBJECT_CONVERSION = YES_AGGRESSIVE;
				CLANG_CXX_LANGUAGE_STANDARD = "gnu++14";
				CLANG_CXX_LIBRARY = "libc++";
				CLANG_ENABLE_MODULES = YES;
				CLANG_ENABLE_OBJC_ARC = YES;
				CLANG_ENABLE_OBJC_WEAK = YES;
				CLANG_WARN_BLOCK_CAPTURE_AUTORELEASING = YES;
				CLANG_WARN_BOOL_CONVERSION = YES;
				CLANG_WARN_COMMA = YES;
				CLANG_WARN_CONSTANT_CONVERSION = YES;
				CLANG_WARN_DEPRECATED_OBJC_IMPLEMENTATIONS = YES;
				CLANG_WARN_DIRECT_OBJC_ISA_USAGE = YES_ERROR;
				CLANG_WARN_DOCUMENTATION_COMMENTS = YES;
				CLANG_WARN_EMPTY_BODY = YES;
				CLANG_WARN_ENUM_CONVERSION = YES;
				CLANG_WARN_INFINITE_RECURSION = YES;
				CLANG_WARN_INT_CONVERSION = YES;
				CLANG_WARN_NON_LITERAL_NULL_CONVERSION = YES;
				CLANG_WARN_OBJC_IMPLICIT_RETAIN_SELF = YES;
				CLANG_WARN_OBJC_LITERAL_CONVERSION = YES;
				CLANG_WARN_OBJC_ROOT_CLASS = YES_ERROR;
				CLANG_WARN_RANGE_LOOP_ANALYSIS = YES;
				CLANG_WARN_STRICT_PROTOTYPES = YES;
				CLANG_WARN_SUSPICIOUS_MOVE = YES;
				CLANG_WARN_UNGUARDED_AVAILABILITY = YES_AGGRESSIVE;
				CLANG_WARN_UNREACHABLE_CODE = YES;
				CLANG_WARN__DUPLICATE_METHOD_MATCH = YES;
				COPY_PHASE_STRIP = NO;
				DEBUG_INFORMATION_FORMAT = "dwarf-with-dsym";
				ENABLE_NS_ASSERTIONS = NO;
				ENABLE_STRICT_OBJC_MSGSEND = YES;
				GCC_C_LANGUAGE_STANDARD = gnu11;
				GCC_NO_COMMON_BLOCKS = YES;
				GCC_WARN_64_TO_32_BIT_CONVERSION = YES;
				GCC_WARN_ABOUT_RETURN_TYPE = YES_ERROR;
				GCC_WARN_UNDECLARED_SELECTOR = YES;
				GCC_WARN_UNINITIALIZED_AUTOS = YES_AGGRESSIVE;
				GCC_WARN_UNUSED_FUNCTION = YES;
				GCC_WARN_UNUSED_VARIABLE = YES;
				IPHONEOS_DEPLOYMENT_TARGET = 11.0;
				MTL_ENABLE_DEBUG_INFO = NO;
				MTL_FAST_MATH = YES;
				SDKROOT = iphoneos;
				SWIFT_COMPILATION_MODE = wholemodule;
				SWIFT_OPTIMIZATION_LEVEL = "-O";
				SWIFT_SUPPRESS_WARNINGS = YES;
				SWIFT_VERSION = "";
				VALIDATE_PRODUCT = YES;
			};
			name = Release;
		};
		D85B6E5A246C22B6009E0D55 /* Debug */ = {
			isa = XCBuildConfiguration;
			buildSettings = {
				ASSETCATALOG_COMPILER_APPICON_NAME = AppIcon;
				CODE_SIGN_IDENTITY = "Apple Development";
				CODE_SIGN_STYLE = Automatic;
				DEVELOPMENT_TEAM = LV6V24R5F5;
				INFOPLIST_FILE = GoDreamVoyage/Info.plist;
				IPHONEOS_DEPLOYMENT_TARGET = 11.0;
				LD_RUNPATH_SEARCH_PATHS = (
					"$(inherited)",
					"@executable_path/Frameworks",
				);
				PRODUCT_BUNDLE_IDENTIFIER = "Nathan-.GoDreamVoyage";
				PRODUCT_NAME = "$(TARGET_NAME)";
				PROVISIONING_PROFILE_SPECIFIER = "";
				SWIFT_VERSION = 5.0;
				TARGETED_DEVICE_FAMILY = "1,2";
			};
			name = Debug;
		};
		D85B6E5B246C22B6009E0D55 /* Release */ = {
			isa = XCBuildConfiguration;
			buildSettings = {
				ASSETCATALOG_COMPILER_APPICON_NAME = AppIcon;
				CODE_SIGN_IDENTITY = "Apple Development";
				CODE_SIGN_STYLE = Automatic;
				DEVELOPMENT_TEAM = LV6V24R5F5;
				INFOPLIST_FILE = GoDreamVoyage/Info.plist;
				IPHONEOS_DEPLOYMENT_TARGET = 11.0;
				LD_RUNPATH_SEARCH_PATHS = (
					"$(inherited)",
					"@executable_path/Frameworks",
				);
				PRODUCT_BUNDLE_IDENTIFIER = "Nathan-.GoDreamVoyage";
				PRODUCT_NAME = "$(TARGET_NAME)";
				PROVISIONING_PROFILE_SPECIFIER = "";
				SWIFT_VERSION = 5.0;
				TARGETED_DEVICE_FAMILY = "1,2";
			};
			name = Release;
		};
		D8EC3F4524DB689F00616BEF /* Debug */ = {
			isa = XCBuildConfiguration;
			buildSettings = {
				BUNDLE_LOADER = "$(TEST_HOST)";
				CODE_SIGN_STYLE = Automatic;
				DEVELOPMENT_TEAM = LV6V24R5F5;
				INFOPLIST_FILE = GoDreamVoyageTests/Info.plist;
				IPHONEOS_DEPLOYMENT_TARGET = 11.0;
				LD_RUNPATH_SEARCH_PATHS = (
					"$(inherited)",
					"@executable_path/Frameworks",
					"@loader_path/Frameworks",
				);
				PRODUCT_BUNDLE_IDENTIFIER = "Nathan-.GoDreamVoyageTests";
				PRODUCT_NAME = "$(TARGET_NAME)";
				SWIFT_VERSION = 5.0;
				TARGETED_DEVICE_FAMILY = "1,2";
				TEST_HOST = "$(BUILT_PRODUCTS_DIR)/GoDreamVoyage.app/GoDreamVoyage";
			};
			name = Debug;
		};
		D8EC3F4624DB689F00616BEF /* Release */ = {
			isa = XCBuildConfiguration;
			buildSettings = {
				BUNDLE_LOADER = "$(TEST_HOST)";
				CODE_SIGN_STYLE = Automatic;
				DEVELOPMENT_TEAM = LV6V24R5F5;
				INFOPLIST_FILE = GoDreamVoyageTests/Info.plist;
				IPHONEOS_DEPLOYMENT_TARGET = 11.0;
				LD_RUNPATH_SEARCH_PATHS = (
					"$(inherited)",
					"@executable_path/Frameworks",
					"@loader_path/Frameworks",
				);
				PRODUCT_BUNDLE_IDENTIFIER = "Nathan-.GoDreamVoyageTests";
				PRODUCT_NAME = "$(TARGET_NAME)";
				SWIFT_VERSION = 5.0;
				TARGETED_DEVICE_FAMILY = "1,2";
				TEST_HOST = "$(BUILT_PRODUCTS_DIR)/GoDreamVoyage.app/GoDreamVoyage";
			};
			name = Release;
		};
/* End XCBuildConfiguration section */

/* Begin XCConfigurationList section */
		D85B6E40246C22B4009E0D55 /* Build configuration list for PBXProject "GoDreamVoyage" */ = {
			isa = XCConfigurationList;
			buildConfigurations = (
				D85B6E57246C22B6009E0D55 /* Debug */,
				D85B6E58246C22B6009E0D55 /* Release */,
			);
			defaultConfigurationIsVisible = 0;
			defaultConfigurationName = Release;
		};
		D85B6E59246C22B6009E0D55 /* Build configuration list for PBXNativeTarget "GoDreamVoyage" */ = {
			isa = XCConfigurationList;
			buildConfigurations = (
				D85B6E5A246C22B6009E0D55 /* Debug */,
				D85B6E5B246C22B6009E0D55 /* Release */,
			);
			defaultConfigurationIsVisible = 0;
			defaultConfigurationName = Release;
		};
		D8EC3F4424DB689F00616BEF /* Build configuration list for PBXNativeTarget "GoDreamVoyageTests" */ = {
			isa = XCConfigurationList;
			buildConfigurations = (
				D8EC3F4524DB689F00616BEF /* Debug */,
				D8EC3F4624DB689F00616BEF /* Release */,
			);
			defaultConfigurationIsVisible = 0;
			defaultConfigurationName = Release;
		};
/* End XCConfigurationList section */
	};
	rootObject = D85B6E3D246C22B4009E0D55 /* Project object */;
}
